
Microsoft Visual Studio Solution File, Format Version 12.00
# Visual Studio Version 17
VisualStudioVersion = 17.11.35312.102
MinimumVisualStudioVersion = 10.0.40219.1
Project("{FAE04EC0-301F-11D3-BF4B-00C04F79EFBC}") = "C#2_A1", "C#2_A1\C#2_A1.csproj", "{4125BD1D-8E87-4FF2-A117-A0FDC87257C0}"
EndProject
Global
	GlobalSection(SolutionConfigurationPlatforms) = preSolution
		Debug|Any CPU = Debug|Any CPU
		Release|Any CPU = Release|Any CPU
	EndGlobalSection
	GlobalSection(ProjectConfigurationPlatforms) = postSolution
		{4125BD1D-8E87-4FF2-A117-A0FDC87257C0}.Debug|Any CPU.ActiveCfg = Debug|Any CPU
		{4125BD1D-8E87-4FF2-A117-A0FDC87257C0}.Debug|Any CPU.Build.0 = Debug|Any CPU
		{4125BD1D-8E87-4FF2-A117-A0FDC87257C0}.Release|Any CPU.ActiveCfg = Release|Any CPU
		{4125BD1D-8E87-4FF2-A117-A0FDC87257C0}.Release|Any CPU.Build.0 = Release|Any CPU
	EndGlobalSection
	GlobalSection(SolutionProperties) = preSolution
		HideSolutionNode = FALSE
	EndGlobalSection
	GlobalSection(ExtensibilityGlobals) = postSolution
		SolutionGuid = {1D0D98F9-3AAF-4340-91FB-ECB863963B7D}
	EndGlobalSection
EndGlobal
